
Microsoft Visual Studio Solution File, Format Version 12.00
# Visual Studio Version 16
VisualStudioVersion = 25.0.1706.5
MinimumVisualStudioVersion = 10.0.40219.1
Project("{FAE04EC0-301F-11D3-BF4B-00C04F79EFBC}") = "FirstProject", "FirstProject\FirstProject.csproj", "{354461F4-BEE9-49B3-856B-80786F6D3926}"
EndProject
Global
	GlobalSection(SolutionConfigurationPlatforms) = preSolution
		Debug|Any CPU = Debug|Any CPU
		Release|Any CPU = Release|Any CPU
	EndGlobalSection
	GlobalSection(ProjectConfigurationPlatforms) = postSolution
		{354461F4-BEE9-49B3-856B-80786F6D3926}.Debug|Any CPU.ActiveCfg = Debug|Any CPU
		{354461F4-BEE9-49B3-856B-80786F6D3926}.Debug|Any CPU.Build.0 = Debug|Any CPU
		{354461F4-BEE9-49B3-856B-80786F6D3926}.Release|Any CPU.ActiveCfg = Release|Any CPU
		{354461F4-BEE9-49B3-856B-80786F6D3926}.Release|Any CPU.Build.0 = Release|Any CPU
	EndGlobalSection
	GlobalSection(SolutionProperties) = preSolution
		HideSolutionNode = FALSE
	EndGlobalSection
	GlobalSection(ExtensibilityGlobals) = postSolution
		SolutionGuid = {8878AF3B-631C-4A0B-BC22-D03533E25E3C}
	EndGlobalSection
EndGlobal
